
Microsoft Visual Studio Solution File, Format Version 12.00
# Visual Studio 15
VisualStudioVersion = 15.0.27004.2008
MinimumVisualStudioVersion = 10.0.40219.1
Project("{FAE04EC0-301F-11D3-BF4B-00C04F79EFBC}") = "Sha256", "Sha256\Sha256.csproj", "{3A54DB63-CD61-4A51-B883-3D4E7C4CDA8D}"
EndProject
Global
	GlobalSection(SolutionConfigurationPlatforms) = preSolution
		Debug|Any CPU = Debug|Any CPU
		Release|Any CPU = Release|Any CPU
	EndGlobalSection
	GlobalSection(ProjectConfigurationPlatforms) = postSolution
		{3A54DB63-CD61-4A51-B883-3D4E7C4CDA8D}.Debug|Any CPU.ActiveCfg = Debug|Any CPU
		{3A54DB63-CD61-4A51-B883-3D4E7C4CDA8D}.Debug|Any CPU.Build.0 = Debug|Any CPU
		{3A54DB63-CD61-4A51-B883-3D4E7C4CDA8D}.Release|Any CPU.ActiveCfg = Release|Any CPU
		{3A54DB63-CD61-4A51-B883-3D4E7C4CDA8D}.Release|Any CPU.Build.0 = Release|Any CPU
	EndGlobalSection
	GlobalSection(SolutionProperties) = preSolution
		HideSolutionNode = FALSE
	EndGlobalSection
	GlobalSection(ExtensibilityGlobals) = postSolution
		SolutionGuid = {AF6B1772-F9DA-4DB7-BA97-F755AB3E4302}
	EndGlobalSection
EndGlobal
